
Microsoft Visual Studio Solution File, Format Version 12.00
# Visual Studio Version 16
VisualStudioVersion = 16.0.31205.134
MinimumVisualStudioVersion = 10.0.40219.1
Project("{FAE04EC0-301F-11D3-BF4B-00C04F79EFBC}") = "DataCapsule", "DataCapsule\DataCapsule.csproj", "{59840152-4918-4706-82CC-062FED5A84D0}"
EndProject
Global
	GlobalSection(SolutionConfigurationPlatforms) = preSolution
		Debug|Any CPU = Debug|Any CPU
		Release|Any CPU = Release|Any CPU
	EndGlobalSection
	GlobalSection(ProjectConfigurationPlatforms) = postSolution
		{59840152-4918-4706-82CC-062FED5A84D0}.Debug|Any CPU.ActiveCfg = Debug|Any CPU
		{59840152-4918-4706-82CC-062FED5A84D0}.Debug|Any CPU.Build.0 = Debug|Any CPU
		{59840152-4918-4706-82CC-062FED5A84D0}.Release|Any CPU.ActiveCfg = Release|Any CPU
		{59840152-4918-4706-82CC-062FED5A84D0}.Release|Any CPU.Build.0 = Release|Any CPU
	EndGlobalSection
	GlobalSection(SolutionProperties) = preSolution
		HideSolutionNode = FALSE
	EndGlobalSection
	GlobalSection(ExtensibilityGlobals) = postSolution
		SolutionGuid = {9BD01B22-D630-427C-906C-D3F83778DF78}
	EndGlobalSection
EndGlobal
